// !$*UTF8*$!
{
	archiveVersion = 1;
	classes = {
	};
	objectVersion = 77;
	objects = {

/* Begin PBXBuildFile section */
		3B78DC76BAFFFFEF0923F789 /* Dependencies in Frameworks */ = {isa = PBXBuildFile; productRef = 9E7F217D6C7AA4F1891264A8 /* Dependencies */; };
		3D991D5EF727B1318B19C9DA /* Dependencies in Frameworks */ = {isa = PBXBuildFile; productRef = D5C2F606D088A3789B526E7C /* Dependencies */; };
		C9BC2BE3DDF38B1D8A79C392 /* SwiftUINavigation in Frameworks */ = {isa = PBXBuildFile; productRef = D7E2620326C2775163DE2A2D /* SwiftUINavigation */; };
		CC262B71B286FAE28F822179 /* Clocks in Frameworks */ = {isa = PBXBuildFile; productRef = 01698C17826E26E88A3BB1A8 /* Clocks */; };
/* End PBXBuildFile section */

/* Begin PBXContainerItemProxy section */
		778ECFA5F59051C6CFA799B6 /* PBXContainerItemProxy */ = {
			isa = PBXContainerItemProxy;
			containerPortal = 7065E70CF1F5A2BB07172868 /* Project object */;
			proxyType = 1;
			remoteGlobalIDString = B0B550615EF4BB94DBC14BA6;
			remoteInfo = Deckify;
		};
/* End PBXContainerItemProxy section */

/* Begin PBXFileReference section */
		2B3B4052C73A65E9571F7C90 /* Deckify.app */ = {isa = PBXFileReference; includeInIndex = 0; lastKnownFileType = wrapper.application; path = Deckify.app; sourceTree = BUILT_PRODUCTS_DIR; };
		4BA56D10A5912340D475EB3A /* staging.xcconfig */ = {isa = PBXFileReference; lastKnownFileType = text.xcconfig; path = staging.xcconfig; sourceTree = "<group>"; };
		C09DD41EB3D193B780062D85 /* production.xcconfig */ = {isa = PBXFileReference; lastKnownFileType = text.xcconfig; path = production.xcconfig; sourceTree = "<group>"; };
		E1DF37D6E959A9969DFD0626 /* DeckifyTests.xctest */ = {isa = PBXFileReference; includeInIndex = 0; lastKnownFileType = wrapper.cfbundle; path = DeckifyTests.xctest; sourceTree = BUILT_PRODUCTS_DIR; };
		ED8849572DFC502A3DC9178F /* dev.xcconfig */ = {isa = PBXFileReference; lastKnownFileType = text.xcconfig; path = dev.xcconfig; sourceTree = "<group>"; };
/* End PBXFileReference section */

/* Begin PBXFileSystemSynchronizedBuildFileExceptionSet section */
		68B90F7FA75DCD607503604D /* PBXFileSystemSynchronizedBuildFileExceptionSet */ = {
			isa = PBXFileSystemSynchronizedBuildFileExceptionSet;
			membershipExceptions = (
				Resources/Plist/Info.plist,
			);
			target = B0B550615EF4BB94DBC14BA6 /* Deckify */;
		};
		DD0112F227AEF3E36BBEDDCA /* PBXFileSystemSynchronizedBuildFileExceptionSet */ = {
			isa = PBXFileSystemSynchronizedBuildFileExceptionSet;
			membershipExceptions = (
				Plist/Info.plist,
			);
			target = B0B550615EF4BB94DBC14BA6 /* Deckify */;
		};
/* End PBXFileSystemSynchronizedBuildFileExceptionSet section */

/* Begin PBXFileSystemSynchronizedRootGroup section */
		3D886AA579D001476AB546F0 /* Deckify */ = {
			isa = PBXFileSystemSynchronizedRootGroup;
			exceptions = (
				68B90F7FA75DCD607503604D /* PBXFileSystemSynchronizedBuildFileExceptionSet */,
			);
			explicitFileTypes = {
			};
			explicitFolders = (
			);
			path = Deckify;
			sourceTree = "<group>";
		};
		410BFE3F7D41550096DFBC81 /* Resources */ = {
			isa = PBXFileSystemSynchronizedRootGroup;
			exceptions = (
				DD0112F227AEF3E36BBEDDCA /* PBXFileSystemSynchronizedBuildFileExceptionSet */,
			);
			explicitFileTypes = {
			};
			explicitFolders = (
			);
			name = Resources;
			path = Resources;
			sourceTree = "<group>";
		};
		9DB17A3C2A7424626077212A /* Shared */ = {
			isa = PBXFileSystemSynchronizedRootGroup;
			explicitFileTypes = {
			};
			explicitFolders = (
			);
			path = Shared;
			sourceTree = "<group>";
		};
		DF918813F0BEF3223E7B04FE /* DeckifyTests */ = {
			isa = PBXFileSystemSynchronizedRootGroup;
			explicitFileTypes = {
			};
			explicitFolders = (
			);
			path = DeckifyTests;
			sourceTree = "<group>";
		};
		EF2A0A01D93B5F80FB504B05 /* Sources */ = {
			isa = PBXFileSystemSynchronizedRootGroup;
			explicitFileTypes = {
			};
			explicitFolders = (
			);
			name = Sources;
			path = Sources;
			sourceTree = "<group>";
		};
/* End PBXFileSystemSynchronizedRootGroup section */

/* Begin PBXFrameworksBuildPhase section */
		49A9017685280A47AE9634B0 /* Frameworks */ = {
			isa = PBXFrameworksBuildPhase;
			buildActionMask = 2147483647;
			files = (
				3D991D5EF727B1318B19C9DA /* Dependencies in Frameworks */,
				C9BC2BE3DDF38B1D8A79C392 /* SwiftUINavigation in Frameworks */,
			);
			runOnlyForDeploymentPostprocessing = 0;
		};
		FA280E54C8D63D9D9C255257 /* Frameworks */ = {
			isa = PBXFrameworksBuildPhase;
			buildActionMask = 2147483647;
			files = (
				3B78DC76BAFFFFEF0923F789 /* Dependencies in Frameworks */,
				CC262B71B286FAE28F822179 /* Clocks in Frameworks */,
			);
			runOnlyForDeploymentPostprocessing = 0;
		};
/* End PBXFrameworksBuildPhase section */

/* Begin PBXGroup section */
		78A21A0CBD8F2D098DD5260A /* Products */ = {
			isa = PBXGroup;
			children = (
				2B3B4052C73A65E9571F7C90 /* Deckify.app */,
				E1DF37D6E959A9969DFD0626 /* DeckifyTests.xctest */,
			);
			name = Products;
			sourceTree = "<group>";
		};
		82FDE02F0193F1DF7C3B89F1 = {
			isa = PBXGroup;
			children = (
				CB30E7D46432B8A3B264FCA2 /* Deckify */,
				3D886AA579D001476AB546F0 /* Deckify */,
				DF918813F0BEF3223E7B04FE /* DeckifyTests */,
				8BDD63C523F380E3879BA385 /* envs */,
				9DB17A3C2A7424626077212A /* Shared */,
				78A21A0CBD8F2D098DD5260A /* Products */,
			);
			sourceTree = "<group>";
		};
		8BDD63C523F380E3879BA385 /* envs */ = {
			isa = PBXGroup;
			children = (
				ED8849572DFC502A3DC9178F /* dev.xcconfig */,
				C09DD41EB3D193B780062D85 /* production.xcconfig */,
				4BA56D10A5912340D475EB3A /* staging.xcconfig */,
			);
			path = envs;
			sourceTree = "<group>";
		};
		CB30E7D46432B8A3B264FCA2 /* Deckify */ = {
			isa = PBXGroup;
			children = (
				410BFE3F7D41550096DFBC81 /* Resources */,
				EF2A0A01D93B5F80FB504B05 /* Sources */,
			);
			path = Deckify;
			sourceTree = "<group>";
		};
/* End PBXGroup section */

/* Begin PBXNativeTarget section */
		B0B550615EF4BB94DBC14BA6 /* Deckify */ = {
			isa = PBXNativeTarget;
			buildConfigurationList = 39493FE55BA32C2B264B8E98 /* Build configuration list for PBXNativeTarget "Deckify" */;
			buildPhases = (
				82B7153A4DBE80010EFCAA68 /* SwiftFormat */,
				7B35E31F3981A1EF09CBEA69 /* SwiftLint */,
				5EA1BAB70D319B3A5671F90E /* Sources */,
				171E641EF7FE59377B9CAE8E /* Resources */,
				49A9017685280A47AE9634B0 /* Frameworks */,
			);
			buildRules = (
			);
			dependencies = (
			);
			fileSystemSynchronizedGroups = (
				3D886AA579D001476AB546F0 /* Deckify */,
				410BFE3F7D41550096DFBC81 /* Resources */,
				9DB17A3C2A7424626077212A /* Shared */,
				EF2A0A01D93B5F80FB504B05 /* Sources */,
			);
			name = Deckify;
			packageProductDependencies = (
				D5C2F606D088A3789B526E7C /* Dependencies */,
				D7E2620326C2775163DE2A2D /* SwiftUINavigation */,
			);
			productName = Deckify;
			productReference = 2B3B4052C73A65E9571F7C90 /* Deckify.app */;
			productType = "com.apple.product-type.application";
		};
		F677807EA9303F42BE48B021 /* DeckifyTests */ = {
			isa = PBXNativeTarget;
			buildConfigurationList = F01F9779A7397C426446C506 /* Build configuration list for PBXNativeTarget "DeckifyTests" */;
			buildPhases = (
				E9363C44119E4D37A77F3F5D /* Sources */,
				18812B158A39F8659AF473A8 /* Resources */,
				FA280E54C8D63D9D9C255257 /* Frameworks */,
			);
			buildRules = (
			);
			dependencies = (
				8D62117038750BA097A8CD4D /* PBXTargetDependency */,
			);
			fileSystemSynchronizedGroups = (
				DF918813F0BEF3223E7B04FE /* DeckifyTests */,
			);
			name = DeckifyTests;
			packageProductDependencies = (
				9E7F217D6C7AA4F1891264A8 /* Dependencies */,
				01698C17826E26E88A3BB1A8 /* Clocks */,
			);
			productName = DeckifyTests;
			productReference = E1DF37D6E959A9969DFD0626 /* DeckifyTests.xctest */;
			productType = "com.apple.product-type.bundle.unit-test";
		};
/* End PBXNativeTarget section */

/* Begin PBXProject section */
		7065E70CF1F5A2BB07172868 /* Project object */ = {
			isa = PBXProject;
			attributes = {
				BuildIndependentTargetsInParallel = YES;
				LastUpgradeCheck = 2600;
				TargetAttributes = {
					B0B550615EF4BB94DBC14BA6 = {
						ProvisioningStyle = Manual;
					};
				};
			};
			buildConfigurationList = A4986D9C21DEC3D3BB208044 /* Build configuration list for PBXProject "deckify" */;
			developmentRegion = en;
			hasScannedForEncodings = 0;
			knownRegions = (
				Base,
				en,
			);
			mainGroup = 82FDE02F0193F1DF7C3B89F1;
			minimizedProjectReferenceProxies = 1;
			packageReferences = (
				B4E73122A526DC7DB75DEB02 /* XCRemoteSwiftPackageReference "swift-clocks" */,
				2C0007EFD264B0202621BB69 /* XCRemoteSwiftPackageReference "swift-dependencies" */,
				E0151938821CBB51ACCDF9CC /* XCRemoteSwiftPackageReference "swift-navigation" */,
			);
			preferredProjectObjectVersion = 77;
			productRefGroup = 78A21A0CBD8F2D098DD5260A /* Products */;
			projectDirPath = "";
			projectRoot = "";
			targets = (
				B0B550615EF4BB94DBC14BA6 /* Deckify */,
				F677807EA9303F42BE48B021 /* DeckifyTests */,
			);
		};
/* End PBXProject section */

/* Begin PBXResourcesBuildPhase section */
		171E641EF7FE59377B9CAE8E /* Resources */ = {
			isa = PBXResourcesBuildPhase;
			buildActionMask = 2147483647;
			files = (
			);
			runOnlyForDeploymentPostprocessing = 0;
		};
		18812B158A39F8659AF473A8 /* Resources */ = {
			isa = PBXResourcesBuildPhase;
			buildActionMask = 2147483647;
			files = (
			);
			runOnlyForDeploymentPostprocessing = 0;
		};
/* End PBXResourcesBuildPhase section */

/* Begin PBXShellScriptBuildPhase section */
		7B35E31F3981A1EF09CBEA69 /* SwiftLint */ = {
			isa = PBXShellScriptBuildPhase;
			alwaysOutOfDate = 1;
			buildActionMask = 2147483647;
			files = (
			);
			inputFileListPaths = (
			);
			inputPaths = (
			);
			name = SwiftLint;
			outputFileListPaths = (
			);
			outputPaths = (
			);
			runOnlyForDeploymentPostprocessing = 0;
			shellPath = /bin/sh;
			shellScript = "if which swiftlint >/dev/null; then\n  swiftlint\nelse\n  echo \"warning: SwiftLint not installed\"\nfi\n";
		};
		82B7153A4DBE80010EFCAA68 /* SwiftFormat */ = {
			isa = PBXShellScriptBuildPhase;
			alwaysOutOfDate = 1;
			buildActionMask = 2147483647;
			files = (
			);
			inputFileListPaths = (
			);
			inputPaths = (
			);
			name = SwiftFormat;
			outputFileListPaths = (
			);
			outputPaths = (
			);
			runOnlyForDeploymentPostprocessing = 0;
			shellPath = /bin/sh;
			shellScript = "if which swiftformat >/dev/null; then\n  swiftformat .\nelse\n  echo \"warning: SwiftFormat not installed\"\nfi\n";
		};
/* End PBXShellScriptBuildPhase section */

/* Begin PBXSourcesBuildPhase section */
		5EA1BAB70D319B3A5671F90E /* Sources */ = {
			isa = PBXSourcesBuildPhase;
			buildActionMask = 2147483647;
			files = (
			);
			runOnlyForDeploymentPostprocessing = 0;
		};
		E9363C44119E4D37A77F3F5D /* Sources */ = {
			isa = PBXSourcesBuildPhase;
			buildActionMask = 2147483647;
			files = (
			);
			runOnlyForDeploymentPostprocessing = 0;
		};
/* End PBXSourcesBuildPhase section */

/* Begin PBXTargetDependency section */
		8D62117038750BA097A8CD4D /* PBXTargetDependency */ = {
			isa = PBXTargetDependency;
			target = B0B550615EF4BB94DBC14BA6 /* Deckify */;
			targetProxy = 778ECFA5F59051C6CFA799B6 /* PBXContainerItemProxy */;
		};
/* End PBXTargetDependency section */

/* Begin XCBuildConfiguration section */
		0B8E4EAFF2BD6AA391039D01 /* Staging Release */ = {
			isa = XCBuildConfiguration;
			buildSettings = {
				BUNDLE_LOADER = "$(TEST_HOST)";
				GENERATE_INFOPLIST_FILE = YES;
				IPHONEOS_DEPLOYMENT_TARGET = 26.0;
				LD_RUNPATH_SEARCH_PATHS = (
					"$(inherited)",
					"@executable_path/Frameworks",
					"@loader_path/Frameworks",
				);
				PRODUCT_BUNDLE_IDENTIFIER = com.sownhere.DeckifyTests;
				SDKROOT = iphoneos;
				SWIFT_VERSION = 6.0;
				TARGETED_DEVICE_FAMILY = "1,2";
				TEST_HOST = "$(BUILT_PRODUCTS_DIR)/Deckify.app/Deckify";
			};
			name = "Staging Release";
		};
		25D88443515F41FAB8AAE658 /* Dev Release */ = {
			isa = XCBuildConfiguration;
			buildSettings = {
				ASSETCATALOG_COMPILER_APPICON_NAME = AppIcon;
				ASSETCATALOG_COMPILER_GLOBAL_ACCENT_COLOR_NAME = AccentColor;
				CODE_SIGN_ENTITLEMENTS = Deckify/Resources/Deckify.entitlements;
				CODE_SIGN_IDENTITY = "";
				CODE_SIGN_STYLE = Manual;
				CURRENT_PROJECT_VERSION = "$(APP_BUILD_NUMBER)";
				ENABLE_USER_SCRIPT_SANDBOXING = NO;
				GENERATE_INFOPLIST_FILE = NO;
				INFOPLIST_FILE = Deckify/Resources/Plist/Info.plist;
				IPHONEOS_DEPLOYMENT_TARGET = 26.0;
				LD_RUNPATH_SEARCH_PATHS = (
					"$(inherited)",
					"@executable_path/Frameworks",
				);
				MARKETING_VERSION = "$(APP_VERSION)";
				PRODUCT_BUNDLE_IDENTIFIER = "$(APP_BUNDLE_ID)";
				PRODUCT_NAME = Deckify;
				SDKROOT = iphoneos;
				SWIFT_VERSION = 6.0;
				TARGETED_DEVICE_FAMILY = "1,2";
			};
			name = "Dev Release";
		};
		285FF6FF111017E5E0AF454E /* Production Release */ = {
			isa = XCBuildConfiguration;
			baseConfigurationReference = C09DD41EB3D193B780062D85 /* production.xcconfig */;
			buildSettings = {
				ALWAYS_SEARCH_USER_PATHS = NO;
				CLANG_ANALYZER_NONNULL = YES;
				CLANG_ANALYZER_NUMBER_OBJECT_CONVERSION = YES_AGGRESSIVE;
				CLANG_CXX_LANGUAGE_STANDARD = "gnu++14";
				CLANG_CXX_LIBRARY = "libc++";
				CLANG_ENABLE_MODULES = YES;
				CLANG_ENABLE_OBJC_ARC = YES;
				CLANG_ENABLE_OBJC_WEAK = YES;
				CLANG_WARN_BLOCK_CAPTURE_AUTORELEASING = YES;
				CLANG_WARN_BOOL_CONVERSION = YES;
				CLANG_WARN_COMMA = YES;
				CLANG_WARN_CONSTANT_CONVERSION = YES;
				CLANG_WARN_DEPRECATED_OBJC_IMPLEMENTATIONS = YES;
				CLANG_WARN_DIRECT_OBJC_ISA_USAGE = YES_ERROR;
				CLANG_WARN_DOCUMENTATION_COMMENTS = YES;
				CLANG_WARN_EMPTY_BODY = YES;
				CLANG_WARN_ENUM_CONVERSION = YES;
				CLANG_WARN_INFINITE_RECURSION = YES;
				CLANG_WARN_INT_CONVERSION = YES;
				CLANG_WARN_NON_LITERAL_NULL_CONVERSION = YES;
				CLANG_WARN_OBJC_IMPLICIT_RETAIN_SELF = YES;
				CLANG_WARN_OBJC_LITERAL_CONVERSION = YES;
				CLANG_WARN_OBJC_ROOT_CLASS = YES_ERROR;
				CLANG_WARN_QUOTED_INCLUDE_IN_FRAMEWORK_HEADER = YES;
				CLANG_WARN_RANGE_LOOP_ANALYSIS = YES;
				CLANG_WARN_STRICT_PROTOTYPES = YES;
				CLANG_WARN_SUSPICIOUS_MOVE = YES;
				CLANG_WARN_UNGUARDED_AVAILABILITY = YES_AGGRESSIVE;
				CLANG_WARN_UNREACHABLE_CODE = YES;
				CLANG_WARN__DUPLICATE_METHOD_MATCH = YES;
				COPY_PHASE_STRIP = NO;
				DEBUG_INFORMATION_FORMAT = "dwarf-with-dsym";
				ENABLE_NS_ASSERTIONS = NO;
				ENABLE_STRICT_OBJC_MSGSEND = YES;
				GCC_C_LANGUAGE_STANDARD = gnu11;
				GCC_NO_COMMON_BLOCKS = YES;
				GCC_WARN_64_TO_32_BIT_CONVERSION = YES;
				GCC_WARN_ABOUT_RETURN_TYPE = YES_ERROR;
				GCC_WARN_UNDECLARED_SELECTOR = YES;
				GCC_WARN_UNINITIALIZED_AUTOS = YES_AGGRESSIVE;
				GCC_WARN_UNUSED_FUNCTION = YES;
				GCC_WARN_UNUSED_VARIABLE = YES;
				IPHONEOS_DEPLOYMENT_TARGET = 26.0;
				MTL_ENABLE_DEBUG_INFO = NO;
				MTL_FAST_MATH = YES;
				PRODUCT_NAME = "$(TARGET_NAME)";
				SDKROOT = iphoneos;
				SWIFT_COMPILATION_MODE = wholemodule;
				SWIFT_OPTIMIZATION_LEVEL = "-O";
				SWIFT_VERSION = 5.0;
			};
			name = "Production Release";
		};
		3844697EA89508CCDB72785D /* Staging Debug */ = {
			isa = XCBuildConfiguration;
			buildSettings = {
				BUNDLE_LOADER = "$(TEST_HOST)";
				GENERATE_INFOPLIST_FILE = YES;
				IPHONEOS_DEPLOYMENT_TARGET = 26.0;
				LD_RUNPATH_SEARCH_PATHS = (
					"$(inherited)",
					"@executable_path/Frameworks",
					"@loader_path/Frameworks",
				);
				PRODUCT_BUNDLE_IDENTIFIER = com.sownhere.DeckifyTests;
				SDKROOT = iphoneos;
				SWIFT_VERSION = 6.0;
				TARGETED_DEVICE_FAMILY = "1,2";
				TEST_HOST = "$(BUILT_PRODUCTS_DIR)/Deckify.app/Deckify";
			};
			name = "Staging Debug";
		};
		779448C8EF0C2D9330A9C3A1 /* Production Release */ = {
			isa = XCBuildConfiguration;
			buildSettings = {
				ASSETCATALOG_COMPILER_APPICON_NAME = AppIcon;
				ASSETCATALOG_COMPILER_GLOBAL_ACCENT_COLOR_NAME = AccentColor;
				CODE_SIGN_ENTITLEMENTS = Deckify/Resources/Deckify.entitlements;
				CODE_SIGN_IDENTITY = "";
				CODE_SIGN_STYLE = Manual;
				CURRENT_PROJECT_VERSION = "$(APP_BUILD_NUMBER)";
				ENABLE_USER_SCRIPT_SANDBOXING = NO;
				GENERATE_INFOPLIST_FILE = NO;
				INFOPLIST_FILE = Deckify/Resources/Plist/Info.plist;
				IPHONEOS_DEPLOYMENT_TARGET = 26.0;
				LD_RUNPATH_SEARCH_PATHS = (
					"$(inherited)",
					"@executable_path/Frameworks",
				);
				MARKETING_VERSION = "$(APP_VERSION)";
				PRODUCT_BUNDLE_IDENTIFIER = "$(APP_BUNDLE_ID)";
				PRODUCT_NAME = Deckify;
				SDKROOT = iphoneos;
				SWIFT_VERSION = 6.0;
				TARGETED_DEVICE_FAMILY = "1,2";
			};
			name = "Production Release";
		};
		77A64CE69022EB60B26F5774 /* Dev Release */ = {
			isa = XCBuildConfiguration;
			baseConfigurationReference = ED8849572DFC502A3DC9178F /* dev.xcconfig */;
			buildSettings = {
				ALWAYS_SEARCH_USER_PATHS = NO;
				CLANG_ANALYZER_NONNULL = YES;
				CLANG_ANALYZER_NUMBER_OBJECT_CONVERSION = YES_AGGRESSIVE;
				CLANG_CXX_LANGUAGE_STANDARD = "gnu++14";
				CLANG_CXX_LIBRARY = "libc++";
				CLANG_ENABLE_MODULES = YES;
				CLANG_ENABLE_OBJC_ARC = YES;
				CLANG_ENABLE_OBJC_WEAK = YES;
				CLANG_WARN_BLOCK_CAPTURE_AUTORELEASING = YES;
				CLANG_WARN_BOOL_CONVERSION = YES;
				CLANG_WARN_COMMA = YES;
				CLANG_WARN_CONSTANT_CONVERSION = YES;
				CLANG_WARN_DEPRECATED_OBJC_IMPLEMENTATIONS = YES;
				CLANG_WARN_DIRECT_OBJC_ISA_USAGE = YES_ERROR;
				CLANG_WARN_DOCUMENTATION_COMMENTS = YES;
				CLANG_WARN_EMPTY_BODY = YES;
				CLANG_WARN_ENUM_CONVERSION = YES;
				CLANG_WARN_INFINITE_RECURSION = YES;
				CLANG_WARN_INT_CONVERSION = YES;
				CLANG_WARN_NON_LITERAL_NULL_CONVERSION = YES;
				CLANG_WARN_OBJC_IMPLICIT_RETAIN_SELF = YES;
				CLANG_WARN_OBJC_LITERAL_CONVERSION = YES;
				CLANG_WARN_OBJC_ROOT_CLASS = YES_ERROR;
				CLANG_WARN_QUOTED_INCLUDE_IN_FRAMEWORK_HEADER = YES;
				CLANG_WARN_RANGE_LOOP_ANALYSIS = YES;
				CLANG_WARN_STRICT_PROTOTYPES = YES;
				CLANG_WARN_SUSPICIOUS_MOVE = YES;
				CLANG_WARN_UNGUARDED_AVAILABILITY = YES_AGGRESSIVE;
				CLANG_WARN_UNREACHABLE_CODE = YES;
				CLANG_WARN__DUPLICATE_METHOD_MATCH = YES;
				COPY_PHASE_STRIP = NO;
				DEBUG_INFORMATION_FORMAT = "dwarf-with-dsym";
				ENABLE_NS_ASSERTIONS = NO;
				ENABLE_STRICT_OBJC_MSGSEND = YES;
				GCC_C_LANGUAGE_STANDARD = gnu11;
				GCC_NO_COMMON_BLOCKS = YES;
				GCC_WARN_64_TO_32_BIT_CONVERSION = YES;
				GCC_WARN_ABOUT_RETURN_TYPE = YES_ERROR;
				GCC_WARN_UNDECLARED_SELECTOR = YES;
				GCC_WARN_UNINITIALIZED_AUTOS = YES_AGGRESSIVE;
				GCC_WARN_UNUSED_FUNCTION = YES;
				GCC_WARN_UNUSED_VARIABLE = YES;
				IPHONEOS_DEPLOYMENT_TARGET = 26.0;
				MTL_ENABLE_DEBUG_INFO = NO;
				MTL_FAST_MATH = YES;
				PRODUCT_NAME = "$(TARGET_NAME)";
				SDKROOT = iphoneos;
				SWIFT_COMPILATION_MODE = wholemodule;
				SWIFT_OPTIMIZATION_LEVEL = "-O";
				SWIFT_VERSION = 5.0;
			};
			name = "Dev Release";
		};
		836EF8E69ED213FC5C63D84B /* Staging Release */ = {
			isa = XCBuildConfiguration;
			buildSettings = {
				ASSETCATALOG_COMPILER_APPICON_NAME = AppIcon;
				ASSETCATALOG_COMPILER_GLOBAL_ACCENT_COLOR_NAME = AccentColor;
				CODE_SIGN_ENTITLEMENTS = Deckify/Resources/Deckify.entitlements;
				CODE_SIGN_IDENTITY = "";
				CODE_SIGN_STYLE = Manual;
				CURRENT_PROJECT_VERSION = "$(APP_BUILD_NUMBER)";
				ENABLE_USER_SCRIPT_SANDBOXING = NO;
				GENERATE_INFOPLIST_FILE = NO;
				INFOPLIST_FILE = Deckify/Resources/Plist/Info.plist;
				IPHONEOS_DEPLOYMENT_TARGET = 26.0;
				LD_RUNPATH_SEARCH_PATHS = (
					"$(inherited)",
					"@executable_path/Frameworks",
				);
				MARKETING_VERSION = "$(APP_VERSION)";
				PRODUCT_BUNDLE_IDENTIFIER = "$(APP_BUNDLE_ID)";
				PRODUCT_NAME = Deckify;
				SDKROOT = iphoneos;
				SWIFT_VERSION = 6.0;
				TARGETED_DEVICE_FAMILY = "1,2";
			};
			name = "Staging Release";
		};
		8382E0CF6264A717A4CC86D5 /* Staging Debug */ = {
			isa = XCBuildConfiguration;
			baseConfigurationReference = 4BA56D10A5912340D475EB3A /* staging.xcconfig */;
			buildSettings = {
				ALWAYS_SEARCH_USER_PATHS = NO;
				CLANG_ANALYZER_NONNULL = YES;
				CLANG_ANALYZER_NUMBER_OBJECT_CONVERSION = YES_AGGRESSIVE;
				CLANG_CXX_LANGUAGE_STANDARD = "gnu++14";
				CLANG_CXX_LIBRARY = "libc++";
				CLANG_ENABLE_MODULES = YES;
				CLANG_ENABLE_OBJC_ARC = YES;
				CLANG_ENABLE_OBJC_WEAK = YES;
				CLANG_WARN_BLOCK_CAPTURE_AUTORELEASING = YES;
				CLANG_WARN_BOOL_CONVERSION = YES;
				CLANG_WARN_COMMA = YES;
				CLANG_WARN_CONSTANT_CONVERSION = YES;
				CLANG_WARN_DEPRECATED_OBJC_IMPLEMENTATIONS = YES;
				CLANG_WARN_DIRECT_OBJC_ISA_USAGE = YES_ERROR;
				CLANG_WARN_DOCUMENTATION_COMMENTS = YES;
				CLANG_WARN_EMPTY_BODY = YES;
				CLANG_WARN_ENUM_CONVERSION = YES;
				CLANG_WARN_INFINITE_RECURSION = YES;
				CLANG_WARN_INT_CONVERSION = YES;
				CLANG_WARN_NON_LITERAL_NULL_CONVERSION = YES;
				CLANG_WARN_OBJC_IMPLICIT_RETAIN_SELF = YES;
				CLANG_WARN_OBJC_LITERAL_CONVERSION = YES;
				CLANG_WARN_OBJC_ROOT_CLASS = YES_ERROR;
				CLANG_WARN_QUOTED_INCLUDE_IN_FRAMEWORK_HEADER = YES;
				CLANG_WARN_RANGE_LOOP_ANALYSIS = YES;
				CLANG_WARN_STRICT_PROTOTYPES = YES;
				CLANG_WARN_SUSPICIOUS_MOVE = YES;
				CLANG_WARN_UNGUARDED_AVAILABILITY = YES_AGGRESSIVE;
				CLANG_WARN_UNREACHABLE_CODE = YES;
				CLANG_WARN__DUPLICATE_METHOD_MATCH = YES;
				COPY_PHASE_STRIP = NO;
				DEBUG_INFORMATION_FORMAT = dwarf;
				ENABLE_STRICT_OBJC_MSGSEND = YES;
				ENABLE_TESTABILITY = YES;
				GCC_C_LANGUAGE_STANDARD = gnu11;
				GCC_DYNAMIC_NO_PIC = NO;
				GCC_NO_COMMON_BLOCKS = YES;
				GCC_OPTIMIZATION_LEVEL = 0;
				GCC_PREPROCESSOR_DEFINITIONS = (
					"$(inherited)",
					"DEBUG=1",
				);
				GCC_WARN_64_TO_32_BIT_CONVERSION = YES;
				GCC_WARN_ABOUT_RETURN_TYPE = YES_ERROR;
				GCC_WARN_UNDECLARED_SELECTOR = YES;
				GCC_WARN_UNINITIALIZED_AUTOS = YES_AGGRESSIVE;
				GCC_WARN_UNUSED_FUNCTION = YES;
				GCC_WARN_UNUSED_VARIABLE = YES;
				IPHONEOS_DEPLOYMENT_TARGET = 26.0;
				MTL_ENABLE_DEBUG_INFO = INCLUDE_SOURCE;
				MTL_FAST_MATH = YES;
				ONLY_ACTIVE_ARCH = YES;
				PRODUCT_NAME = "$(TARGET_NAME)";
				SDKROOT = iphoneos;
				SWIFT_ACTIVE_COMPILATION_CONDITIONS = DEBUG;
				SWIFT_OPTIMIZATION_LEVEL = "-Onone";
				SWIFT_VERSION = 5.0;
			};
			name = "Staging Debug";
		};
		84ED06DE02D0D79E2F51D71F /* Staging Release */ = {
			isa = XCBuildConfiguration;
			baseConfigurationReference = 4BA56D10A5912340D475EB3A /* staging.xcconfig */;
			buildSettings = {
				ALWAYS_SEARCH_USER_PATHS = NO;
				CLANG_ANALYZER_NONNULL = YES;
				CLANG_ANALYZER_NUMBER_OBJECT_CONVERSION = YES_AGGRESSIVE;
				CLANG_CXX_LANGUAGE_STANDARD = "gnu++14";
				CLANG_CXX_LIBRARY = "libc++";
				CLANG_ENABLE_MODULES = YES;
				CLANG_ENABLE_OBJC_ARC = YES;
				CLANG_ENABLE_OBJC_WEAK = YES;
				CLANG_WARN_BLOCK_CAPTURE_AUTORELEASING = YES;
				CLANG_WARN_BOOL_CONVERSION = YES;
				CLANG_WARN_COMMA = YES;
				CLANG_WARN_CONSTANT_CONVERSION = YES;
				CLANG_WARN_DEPRECATED_OBJC_IMPLEMENTATIONS = YES;
				CLANG_WARN_DIRECT_OBJC_ISA_USAGE = YES_ERROR;
				CLANG_WARN_DOCUMENTATION_COMMENTS = YES;
				CLANG_WARN_EMPTY_BODY = YES;
				CLANG_WARN_ENUM_CONVERSION = YES;
				CLANG_WARN_INFINITE_RECURSION = YES;
				CLANG_WARN_INT_CONVERSION = YES;
				CLANG_WARN_NON_LITERAL_NULL_CONVERSION = YES;
				CLANG_WARN_OBJC_IMPLICIT_RETAIN_SELF = YES;
				CLANG_WARN_OBJC_LITERAL_CONVERSION = YES;
				CLANG_WARN_OBJC_ROOT_CLASS = YES_ERROR;
				CLANG_WARN_QUOTED_INCLUDE_IN_FRAMEWORK_HEADER = YES;
				CLANG_WARN_RANGE_LOOP_ANALYSIS = YES;
				CLANG_WARN_STRICT_PROTOTYPES = YES;
				CLANG_WARN_SUSPICIOUS_MOVE = YES;
				CLANG_WARN_UNGUARDED_AVAILABILITY = YES_AGGRESSIVE;
				CLANG_WARN_UNREACHABLE_CODE = YES;
				CLANG_WARN__DUPLICATE_METHOD_MATCH = YES;
				COPY_PHASE_STRIP = NO;
				DEBUG_INFORMATION_FORMAT = "dwarf-with-dsym";
				ENABLE_NS_ASSERTIONS = NO;
				ENABLE_STRICT_OBJC_MSGSEND = YES;
				GCC_C_LANGUAGE_STANDARD = gnu11;
				GCC_NO_COMMON_BLOCKS = YES;
				GCC_WARN_64_TO_32_BIT_CONVERSION = YES;
				GCC_WARN_ABOUT_RETURN_TYPE = YES_ERROR;
				GCC_WARN_UNDECLARED_SELECTOR = YES;
				GCC_WARN_UNINITIALIZED_AUTOS = YES_AGGRESSIVE;
				GCC_WARN_UNUSED_FUNCTION = YES;
				GCC_WARN_UNUSED_VARIABLE = YES;
				IPHONEOS_DEPLOYMENT_TARGET = 26.0;
				MTL_ENABLE_DEBUG_INFO = NO;
				MTL_FAST_MATH = YES;
				PRODUCT_NAME = "$(TARGET_NAME)";
				SDKROOT = iphoneos;
				SWIFT_COMPILATION_MODE = wholemodule;
				SWIFT_OPTIMIZATION_LEVEL = "-O";
				SWIFT_VERSION = 5.0;
			};
			name = "Staging Release";
		};
		A6C6ECAB23FD5D0494E6154B /* Staging Debug */ = {
			isa = XCBuildConfiguration;
			buildSettings = {
				ASSETCATALOG_COMPILER_APPICON_NAME = AppIcon;
				ASSETCATALOG_COMPILER_GLOBAL_ACCENT_COLOR_NAME = AccentColor;
				CODE_SIGN_ENTITLEMENTS = Deckify/Resources/Deckify.entitlements;
				CODE_SIGN_IDENTITY = "";
				CODE_SIGN_STYLE = Manual;
				CURRENT_PROJECT_VERSION = "$(APP_BUILD_NUMBER)";
				ENABLE_USER_SCRIPT_SANDBOXING = NO;
				GENERATE_INFOPLIST_FILE = NO;
				INFOPLIST_FILE = Deckify/Resources/Plist/Info.plist;
				IPHONEOS_DEPLOYMENT_TARGET = 26.0;
				LD_RUNPATH_SEARCH_PATHS = (
					"$(inherited)",
					"@executable_path/Frameworks",
				);
				MARKETING_VERSION = "$(APP_VERSION)";
				PRODUCT_BUNDLE_IDENTIFIER = "$(APP_BUNDLE_ID)";
				PRODUCT_NAME = Deckify;
				SDKROOT = iphoneos;
				SWIFT_VERSION = 6.0;
				TARGETED_DEVICE_FAMILY = "1,2";
			};
			name = "Staging Debug";
		};
		ABEC66BA2FFDE0EDD938736E /* Production Debug */ = {
			isa = XCBuildConfiguration;
			buildSettings = {
				BUNDLE_LOADER = "$(TEST_HOST)";
				GENERATE_INFOPLIST_FILE = YES;
				IPHONEOS_DEPLOYMENT_TARGET = 26.0;
				LD_RUNPATH_SEARCH_PATHS = (
					"$(inherited)",
					"@executable_path/Frameworks",
					"@loader_path/Frameworks",
				);
				PRODUCT_BUNDLE_IDENTIFIER = com.sownhere.DeckifyTests;
				SDKROOT = iphoneos;
				SWIFT_VERSION = 6.0;
				TARGETED_DEVICE_FAMILY = "1,2";
				TEST_HOST = "$(BUILT_PRODUCTS_DIR)/Deckify.app/Deckify";
			};
			name = "Production Debug";
		};
		C48ED7929CCEADB271D7D3AE /* Dev Release */ = {
			isa = XCBuildConfiguration;
			buildSettings = {
				BUNDLE_LOADER = "$(TEST_HOST)";
				GENERATE_INFOPLIST_FILE = YES;
				IPHONEOS_DEPLOYMENT_TARGET = 26.0;
				LD_RUNPATH_SEARCH_PATHS = (
					"$(inherited)",
					"@executable_path/Frameworks",
					"@loader_path/Frameworks",
				);
				PRODUCT_BUNDLE_IDENTIFIER = com.sownhere.DeckifyTests;
				SDKROOT = iphoneos;
				SWIFT_VERSION = 6.0;
				TARGETED_DEVICE_FAMILY = "1,2";
				TEST_HOST = "$(BUILT_PRODUCTS_DIR)/Deckify.app/Deckify";
			};
			name = "Dev Release";
		};
		CA5F6F56C820CB0E196266AC /* Dev Debug */ = {
			isa = XCBuildConfiguration;
			baseConfigurationReference = ED8849572DFC502A3DC9178F /* dev.xcconfig */;
			buildSettings = {
				ALWAYS_SEARCH_USER_PATHS = NO;
				CLANG_ANALYZER_NONNULL = YES;
				CLANG_ANALYZER_NUMBER_OBJECT_CONVERSION = YES_AGGRESSIVE;
				CLANG_CXX_LANGUAGE_STANDARD = "gnu++14";
				CLANG_CXX_LIBRARY = "libc++";
				CLANG_ENABLE_MODULES = YES;
				CLANG_ENABLE_OBJC_ARC = YES;
				CLANG_ENABLE_OBJC_WEAK = YES;
				CLANG_WARN_BLOCK_CAPTURE_AUTORELEASING = YES;
				CLANG_WARN_BOOL_CONVERSION = YES;
				CLANG_WARN_COMMA = YES;
				CLANG_WARN_CONSTANT_CONVERSION = YES;
				CLANG_WARN_DEPRECATED_OBJC_IMPLEMENTATIONS = YES;
				CLANG_WARN_DIRECT_OBJC_ISA_USAGE = YES_ERROR;
				CLANG_WARN_DOCUMENTATION_COMMENTS = YES;
				CLANG_WARN_EMPTY_BODY = YES;
				CLANG_WARN_ENUM_CONVERSION = YES;
				CLANG_WARN_INFINITE_RECURSION = YES;
				CLANG_WARN_INT_CONVERSION = YES;
				CLANG_WARN_NON_LITERAL_NULL_CONVERSION = YES;
				CLANG_WARN_OBJC_IMPLICIT_RETAIN_SELF = YES;
				CLANG_WARN_OBJC_LITERAL_CONVERSION = YES;
				CLANG_WARN_OBJC_ROOT_CLASS = YES_ERROR;
				CLANG_WARN_QUOTED_INCLUDE_IN_FRAMEWORK_HEADER = YES;
				CLANG_WARN_RANGE_LOOP_ANALYSIS = YES;
				CLANG_WARN_STRICT_PROTOTYPES = YES;
				CLANG_WARN_SUSPICIOUS_MOVE = YES;
				CLANG_WARN_UNGUARDED_AVAILABILITY = YES_AGGRESSIVE;
				CLANG_WARN_UNREACHABLE_CODE = YES;
				CLANG_WARN__DUPLICATE_METHOD_MATCH = YES;
				COPY_PHASE_STRIP = NO;
				DEBUG_INFORMATION_FORMAT = dwarf;
				ENABLE_STRICT_OBJC_MSGSEND = YES;
				ENABLE_TESTABILITY = YES;
				GCC_C_LANGUAGE_STANDARD = gnu11;
				GCC_DYNAMIC_NO_PIC = NO;
				GCC_NO_COMMON_BLOCKS = YES;
				GCC_OPTIMIZATION_LEVEL = 0;
				GCC_PREPROCESSOR_DEFINITIONS = (
					"$(inherited)",
					"DEBUG=1",
				);
				GCC_WARN_64_TO_32_BIT_CONVERSION = YES;
				GCC_WARN_ABOUT_RETURN_TYPE = YES_ERROR;
				GCC_WARN_UNDECLARED_SELECTOR = YES;
				GCC_WARN_UNINITIALIZED_AUTOS = YES_AGGRESSIVE;
				GCC_WARN_UNUSED_FUNCTION = YES;
				GCC_WARN_UNUSED_VARIABLE = YES;
				IPHONEOS_DEPLOYMENT_TARGET = 26.0;
				MTL_ENABLE_DEBUG_INFO = INCLUDE_SOURCE;
				MTL_FAST_MATH = YES;
				ONLY_ACTIVE_ARCH = YES;
				PRODUCT_NAME = "$(TARGET_NAME)";
				SDKROOT = iphoneos;
				SWIFT_ACTIVE_COMPILATION_CONDITIONS = DEBUG;
				SWIFT_OPTIMIZATION_LEVEL = "-Onone";
				SWIFT_VERSION = 5.0;
			};
			name = "Dev Debug";
		};
		D102947D8E8A8782596540AB /* Production Debug */ = {
			isa = XCBuildConfiguration;
			baseConfigurationReference = C09DD41EB3D193B780062D85 /* production.xcconfig */;
			buildSettings = {
				ALWAYS_SEARCH_USER_PATHS = NO;
				CLANG_ANALYZER_NONNULL = YES;
				CLANG_ANALYZER_NUMBER_OBJECT_CONVERSION = YES_AGGRESSIVE;
				CLANG_CXX_LANGUAGE_STANDARD = "gnu++14";
				CLANG_CXX_LIBRARY = "libc++";
				CLANG_ENABLE_MODULES = YES;
				CLANG_ENABLE_OBJC_ARC = YES;
				CLANG_ENABLE_OBJC_WEAK = YES;
				CLANG_WARN_BLOCK_CAPTURE_AUTORELEASING = YES;
				CLANG_WARN_BOOL_CONVERSION = YES;
				CLANG_WARN_COMMA = YES;
				CLANG_WARN_CONSTANT_CONVERSION = YES;
				CLANG_WARN_DEPRECATED_OBJC_IMPLEMENTATIONS = YES;
				CLANG_WARN_DIRECT_OBJC_ISA_USAGE = YES_ERROR;
				CLANG_WARN_DOCUMENTATION_COMMENTS = YES;
				CLANG_WARN_EMPTY_BODY = YES;
				CLANG_WARN_ENUM_CONVERSION = YES;
				CLANG_WARN_INFINITE_RECURSION = YES;
				CLANG_WARN_INT_CONVERSION = YES;
				CLANG_WARN_NON_LITERAL_NULL_CONVERSION = YES;
				CLANG_WARN_OBJC_IMPLICIT_RETAIN_SELF = YES;
				CLANG_WARN_OBJC_LITERAL_CONVERSION = YES;
				CLANG_WARN_OBJC_ROOT_CLASS = YES_ERROR;
				CLANG_WARN_QUOTED_INCLUDE_IN_FRAMEWORK_HEADER = YES;
				CLANG_WARN_RANGE_LOOP_ANALYSIS = YES;
				CLANG_WARN_STRICT_PROTOTYPES = YES;
				CLANG_WARN_SUSPICIOUS_MOVE = YES;
				CLANG_WARN_UNGUARDED_AVAILABILITY = YES_AGGRESSIVE;
				CLANG_WARN_UNREACHABLE_CODE = YES;
				CLANG_WARN__DUPLICATE_METHOD_MATCH = YES;
				COPY_PHASE_STRIP = NO;
				DEBUG_INFORMATION_FORMAT = dwarf;
				ENABLE_STRICT_OBJC_MSGSEND = YES;
				ENABLE_TESTABILITY = YES;
				GCC_C_LANGUAGE_STANDARD = gnu11;
				GCC_DYNAMIC_NO_PIC = NO;
				GCC_NO_COMMON_BLOCKS = YES;
				GCC_OPTIMIZATION_LEVEL = 0;
				GCC_PREPROCESSOR_DEFINITIONS = (
					"$(inherited)",
					"DEBUG=1",
				);
				GCC_WARN_64_TO_32_BIT_CONVERSION = YES;
				GCC_WARN_ABOUT_RETURN_TYPE = YES_ERROR;
				GCC_WARN_UNDECLARED_SELECTOR = YES;
				GCC_WARN_UNINITIALIZED_AUTOS = YES_AGGRESSIVE;
				GCC_WARN_UNUSED_FUNCTION = YES;
				GCC_WARN_UNUSED_VARIABLE = YES;
				IPHONEOS_DEPLOYMENT_TARGET = 26.0;
				MTL_ENABLE_DEBUG_INFO = INCLUDE_SOURCE;
				MTL_FAST_MATH = YES;
				ONLY_ACTIVE_ARCH = YES;
				PRODUCT_NAME = "$(TARGET_NAME)";
				SDKROOT = iphoneos;
				SWIFT_ACTIVE_COMPILATION_CONDITIONS = DEBUG;
				SWIFT_OPTIMIZATION_LEVEL = "-Onone";
				SWIFT_VERSION = 5.0;
			};
			name = "Production Debug";
		};
		D3D598063F15C06893AFEC8E /* Dev Debug */ = {
			isa = XCBuildConfiguration;
			buildSettings = {
				ASSETCATALOG_COMPILER_APPICON_NAME = AppIcon;
				ASSETCATALOG_COMPILER_GLOBAL_ACCENT_COLOR_NAME = AccentColor;
				CODE_SIGN_ENTITLEMENTS = Deckify/Resources/Deckify.entitlements;
				CODE_SIGN_IDENTITY = "";
				CODE_SIGN_STYLE = Manual;
				CURRENT_PROJECT_VERSION = "$(APP_BUILD_NUMBER)";
				ENABLE_USER_SCRIPT_SANDBOXING = NO;
				GENERATE_INFOPLIST_FILE = NO;
				INFOPLIST_FILE = Deckify/Resources/Plist/Info.plist;
				IPHONEOS_DEPLOYMENT_TARGET = 26.0;
				LD_RUNPATH_SEARCH_PATHS = (
					"$(inherited)",
					"@executable_path/Frameworks",
				);
				MARKETING_VERSION = "$(APP_VERSION)";
				PRODUCT_BUNDLE_IDENTIFIER = "$(APP_BUNDLE_ID)";
				PRODUCT_NAME = Deckify;
				SDKROOT = iphoneos;
				SWIFT_VERSION = 6.0;
				TARGETED_DEVICE_FAMILY = "1,2";
			};
			name = "Dev Debug";
		};
		E576FEFC6CF42D88CED9DAE6 /* Production Debug */ = {
			isa = XCBuildConfiguration;
			buildSettings = {
				ASSETCATALOG_COMPILER_APPICON_NAME = AppIcon;
				ASSETCATALOG_COMPILER_GLOBAL_ACCENT_COLOR_NAME = AccentColor;
				CODE_SIGN_ENTITLEMENTS = Deckify/Resources/Deckify.entitlements;
				CODE_SIGN_IDENTITY = "";
				CODE_SIGN_STYLE = Manual;
				CURRENT_PROJECT_VERSION = "$(APP_BUILD_NUMBER)";
				ENABLE_USER_SCRIPT_SANDBOXING = NO;
				GENERATE_INFOPLIST_FILE = NO;
				INFOPLIST_FILE = Deckify/Resources/Plist/Info.plist;
				IPHONEOS_DEPLOYMENT_TARGET = 26.0;
				LD_RUNPATH_SEARCH_PATHS = (
					"$(inherited)",
					"@executable_path/Frameworks",
				);
				MARKETING_VERSION = "$(APP_VERSION)";
				PRODUCT_BUNDLE_IDENTIFIER = "$(APP_BUNDLE_ID)";
				PRODUCT_NAME = Deckify;
				SDKROOT = iphoneos;
				SWIFT_VERSION = 6.0;
				TARGETED_DEVICE_FAMILY = "1,2";
			};
			name = "Production Debug";
		};
		F047C94D54DEBDEF0B0B0943 /* Production Release */ = {
			isa = XCBuildConfiguration;
			buildSettings = {
				BUNDLE_LOADER = "$(TEST_HOST)";
				GENERATE_INFOPLIST_FILE = YES;
				IPHONEOS_DEPLOYMENT_TARGET = 26.0;
				LD_RUNPATH_SEARCH_PATHS = (
					"$(inherited)",
					"@executable_path/Frameworks",
					"@loader_path/Frameworks",
				);
				PRODUCT_BUNDLE_IDENTIFIER = com.sownhere.DeckifyTests;
				SDKROOT = iphoneos;
				SWIFT_VERSION = 6.0;
				TARGETED_DEVICE_FAMILY = "1,2";
				TEST_HOST = "$(BUILT_PRODUCTS_DIR)/Deckify.app/Deckify";
			};
			name = "Production Release";
		};
		F4C4BE26C222D8A927E85B17 /* Dev Debug */ = {
			isa = XCBuildConfiguration;
			buildSettings = {
				BUNDLE_LOADER = "$(TEST_HOST)";
				GENERATE_INFOPLIST_FILE = YES;
				IPHONEOS_DEPLOYMENT_TARGET = 26.0;
				LD_RUNPATH_SEARCH_PATHS = (
					"$(inherited)",
					"@executable_path/Frameworks",
					"@loader_path/Frameworks",
				);
				PRODUCT_BUNDLE_IDENTIFIER = com.sownhere.DeckifyTests;
				SDKROOT = iphoneos;
				SWIFT_VERSION = 6.0;
				TARGETED_DEVICE_FAMILY = "1,2";
				TEST_HOST = "$(BUILT_PRODUCTS_DIR)/Deckify.app/Deckify";
			};
			name = "Dev Debug";
		};
/* End XCBuildConfiguration section */

/* Begin XCConfigurationList section */
		39493FE55BA32C2B264B8E98 /* Build configuration list for PBXNativeTarget "Deckify" */ = {
			isa = XCConfigurationList;
			buildConfigurations = (
				D3D598063F15C06893AFEC8E /* Dev Debug */,
				25D88443515F41FAB8AAE658 /* Dev Release */,
				E576FEFC6CF42D88CED9DAE6 /* Production Debug */,
				779448C8EF0C2D9330A9C3A1 /* Production Release */,
				A6C6ECAB23FD5D0494E6154B /* Staging Debug */,
				836EF8E69ED213FC5C63D84B /* Staging Release */,
			);
			defaultConfigurationIsVisible = 0;
			defaultConfigurationName = "Dev Debug";
		};
		A4986D9C21DEC3D3BB208044 /* Build configuration list for PBXProject "deckify" */ = {
			isa = XCConfigurationList;
			buildConfigurations = (
				CA5F6F56C820CB0E196266AC /* Dev Debug */,
				77A64CE69022EB60B26F5774 /* Dev Release */,
				D102947D8E8A8782596540AB /* Production Debug */,
				285FF6FF111017E5E0AF454E /* Production Release */,
				8382E0CF6264A717A4CC86D5 /* Staging Debug */,
				84ED06DE02D0D79E2F51D71F /* Staging Release */,
			);
			defaultConfigurationIsVisible = 0;
			defaultConfigurationName = "Dev Debug";
		};
		F01F9779A7397C426446C506 /* Build configuration list for PBXNativeTarget "DeckifyTests" */ = {
			isa = XCConfigurationList;
			buildConfigurations = (
				F4C4BE26C222D8A927E85B17 /* Dev Debug */,
				C48ED7929CCEADB271D7D3AE /* Dev Release */,
				ABEC66BA2FFDE0EDD938736E /* Production Debug */,
				F047C94D54DEBDEF0B0B0943 /* Production Release */,
				3844697EA89508CCDB72785D /* Staging Debug */,
				0B8E4EAFF2BD6AA391039D01 /* Staging Release */,
			);
			defaultConfigurationIsVisible = 0;
			defaultConfigurationName = "Dev Debug";
		};
/* End XCConfigurationList section */

/* Begin XCRemoteSwiftPackageReference section */
		2C0007EFD264B0202621BB69 /* XCRemoteSwiftPackageReference "swift-dependencies" */ = {
			isa = XCRemoteSwiftPackageReference;
			repositoryURL = "https://github.com/pointfreeco/swift-dependencies";
			requirement = {
				kind = upToNextMajorVersion;
				minimumVersion = 1.6.0;
			};
		};
		B4E73122A526DC7DB75DEB02 /* XCRemoteSwiftPackageReference "swift-clocks" */ = {
			isa = XCRemoteSwiftPackageReference;
			repositoryURL = "https://github.com/pointfreeco/swift-clocks";
			requirement = {
				kind = upToNextMajorVersion;
				minimumVersion = 1.1.0;
			};
		};
		E0151938821CBB51ACCDF9CC /* XCRemoteSwiftPackageReference "swift-navigation" */ = {
			isa = XCRemoteSwiftPackageReference;
			repositoryURL = "https://github.com/pointfreeco/swift-navigation";
			requirement = {
				kind = upToNextMajorVersion;
				minimumVersion = 2.2.0;
			};
		};
/* End XCRemoteSwiftPackageReference section */

/* Begin XCSwiftPackageProductDependency section */
		01698C17826E26E88A3BB1A8 /* Clocks */ = {
			isa = XCSwiftPackageProductDependency;
			package = B4E73122A526DC7DB75DEB02 /* XCRemoteSwiftPackageReference "swift-clocks" */;
			productName = Clocks;
		};
		9E7F217D6C7AA4F1891264A8 /* Dependencies */ = {
			isa = XCSwiftPackageProductDependency;
			package = 2C0007EFD264B0202621BB69 /* XCRemoteSwiftPackageReference "swift-dependencies" */;
			productName = Dependencies;
		};
		D5C2F606D088A3789B526E7C /* Dependencies */ = {
			isa = XCSwiftPackageProductDependency;
			package = 2C0007EFD264B0202621BB69 /* XCRemoteSwiftPackageReference "swift-dependencies" */;
			productName = Dependencies;
		};
		D7E2620326C2775163DE2A2D /* SwiftUINavigation */ = {
			isa = XCSwiftPackageProductDependency;
			package = E0151938821CBB51ACCDF9CC /* XCRemoteSwiftPackageReference "swift-navigation" */;
			productName = SwiftUINavigation;
		};
/* End XCSwiftPackageProductDependency section */
	};
	rootObject = 7065E70CF1F5A2BB07172868 /* Project object */;
}
